<?xml version="1.0" encoding="utf-8"?>
<Project ToolsVersion="4.0" xmlns="http://schemas.microsoft.com/developer/msbuild/2003">
  <ItemGroup>
    <Filter Include="Arquivos de Origem">
      <UniqueIdentifier>{4FC737F1-C7A5-4376-A066-2A32D752A2FF}</UniqueIdentifier>
      <Extensions>cpp;c;cc;cxx;def;odl;idl;hpj;bat;asm;asmx</Extensions>
    </Filter>
    <Filter Include="Arquivos de Cabeçalho">
      <UniqueIdentifier>{93995380-89BD-4b04-88EB-625FBE52EBFB}</UniqueIdentifier>
      <Extensions>h;hh;hpp;hxx;hm;inl;inc;xsd</Extensions>
    </Filter>
    <Filter Include="Arquivos de Recurso">
      <UniqueIdentifier>{67DA6AB6-F800-4c08-8B7A-83BB121AAD01}</UniqueIdentifier>
      <Extensions>rc;ico;cur;bmp;dlg;rc2;rct;bin;rgs;gif;jpg;jpeg;jpe;resx;tiff;tif;png;wav;mfcribbon-ms</Extensions>
    </Filter>
    <Filter Include="Arquivos de Cabeçalho\Condicoes">
      <UniqueIdentifier>{68aaddc0-2d57-464d-ba3d-d306b58d1134}</UniqueIdentifier>
    </Filter>
    <Filter Include="Arquivos de Origem\Condicoes">
      <UniqueIdentifier>{fd7812a8-f859-4636-a29c-402f0559861e}</UniqueIdentifier>
    </Filter>
    <Filter Include="Arquivos de Cabeçalho\Busca">
      <UniqueIdentifier>{968ad9a2-c011-42c3-84d5-e20b45f3ec93}</UniqueIdentifier>
    </Filter>
    <Filter Include="Arquivos de Origem\Busca">
      <UniqueIdentifier>{9dc1b6ed-26bd-4515-84f1-f108010e4902}</UniqueIdentifier>
    </Filter>
    <Filter Include="Arquivos de Cabeçalho\Matematica">
      <UniqueIdentifier>{93cbf733-119e-4532-816d-694a4ef31a07}</UniqueIdentifier>
    </Filter>
    <Filter Include="Arquivos de Origem\Matemática">
      <UniqueIdentifier>{fc09e14b-8fbd-43c5-bfa5-c86d5338044c}</UniqueIdentifier>
    </Filter>
    <Filter Include="Arquivos de Cabeçalho\Steering">
      <UniqueIdentifier>{5bf53d68-6d1a-49ae-9b65-24b13ddd8099}</UniqueIdentifier>
    </Filter>
    <Filter Include="Arquivos de Origem\Dados">
      <UniqueIdentifier>{1d2aed61-cba5-4c01-a587-51098fd06bec}</UniqueIdentifier>
    </Filter>
    <Filter Include="Arquivos de Cabeçalho\Dados">
      <UniqueIdentifier>{6144805f-3a0d-43c4-83a7-41699a6a9bf3}</UniqueIdentifier>
    </Filter>
    <Filter Include="Arquivos de Cabeçalho\AprendizadoDeMaquinas">
      <UniqueIdentifier>{ddf7c477-2fba-40e8-b134-7f6e3583d6e5}</UniqueIdentifier>
    </Filter>
    <Filter Include="Arquivos de Origem\AprendizadoDeMaquinas">
      <UniqueIdentifier>{6243cdf6-53c4-47e1-bf9e-5c2ba1e6aefd}</UniqueIdentifier>
    </Filter>
    <Filter Include="Arquivos de Origem\AR">
      <UniqueIdentifier>{31ffff8f-beaa-4977-ab86-07e1d805a3f3}</UniqueIdentifier>
    </Filter>
    <Filter Include="Arquivos de Cabeçalho\AR">
      <UniqueIdentifier>{036fffcb-59c3-45d0-b6e4-9acc46f97d72}</UniqueIdentifier>
    </Filter>
    <Filter Include="Arquivos de Cabeçalho\RNA">
      <UniqueIdentifier>{f83df1ee-5da3-4bc5-9894-5233bd74b19c}</UniqueIdentifier>
    </Filter>
    <Filter Include="Arquivos de Origem\RNA">
      <UniqueIdentifier>{92cbd3d6-f9a3-45b3-9651-8b1c7ab443e0}</UniqueIdentifier>
    </Filter>
  </ItemGroup>
  <ItemGroup>
    <Text Include="ReadMe.txt" />
  </ItemGroup>
  <ItemGroup>
    <ClInclude Include="Estado.h">
      <Filter>Arquivos de Cabeçalho</Filter>
    </ClInclude>
    <ClInclude Include="Acao.h">
      <Filter>Arquivos de Cabeçalho</Filter>
    </ClInclude>
    <ClInclude Include="Transicao.h">
      <Filter>Arquivos de Cabeçalho</Filter>
    </ClInclude>
    <ClInclude Include="MaquinaDeEstadosFinitos.h">
      <Filter>Arquivos de Cabeçalho</Filter>
    </ClInclude>
    <ClInclude Include="Condicao.h">
      <Filter>Arquivos de Cabeçalho\Condicoes</Filter>
    </ClInclude>
    <ClInclude Include="EntreCondicao.h">
      <Filter>Arquivos de Cabeçalho\Condicoes</Filter>
    </ClInclude>
    <ClInclude Include="CondicaoE.h">
      <Filter>Arquivos de Cabeçalho\Condicoes</Filter>
    </ClInclude>
    <ClInclude Include="CondicaoOu.h">
      <Filter>Arquivos de Cabeçalho\Condicoes</Filter>
    </ClInclude>
    <ClInclude Include="CondicaoNao.h">
      <Filter>Arquivos de Cabeçalho\Condicoes</Filter>
    </ClInclude>
    <ClInclude Include="Ambiente.h">
      <Filter>Arquivos de Cabeçalho</Filter>
    </ClInclude>
    <ClInclude Include="Quimera.h">
      <Filter>Arquivos de Cabeçalho</Filter>
    </ClInclude>
    <ClInclude Include="CondicaoAmbiente.h">
      <Filter>Arquivos de Cabeçalho\Condicoes</Filter>
    </ClInclude>
    <ClInclude Include="Agente.h">
      <Filter>Arquivos de Cabeçalho</Filter>
    </ClInclude>
    <ClInclude Include="Controle.h">
      <Filter>Arquivos de Cabeçalho</Filter>
    </ClInclude>
    <ClInclude Include="HierarquiaBase.h">
      <Filter>Arquivos de Cabeçalho</Filter>
    </ClInclude>
    <ClInclude Include="MaquinaDeEstadosHierarquica.h">
      <Filter>Arquivos de Cabeçalho</Filter>
    </ClInclude>
    <ClInclude Include="EstadoSubMaquina.h">
      <Filter>Arquivos de Cabeçalho</Filter>
    </ClInclude>
    <ClInclude Include="Nodo.h">
      <Filter>Arquivos de Cabeçalho\Busca</Filter>
    </ClInclude>
    <ClInclude Include="Aresta.h">
      <Filter>Arquivos de Cabeçalho\Busca</Filter>
    </ClInclude>
    <ClInclude Include="Grafo.h">
      <Filter>Arquivos de Cabeçalho\Busca</Filter>
    </ClInclude>
    <ClInclude Include="Vetor2D.h">
      <Filter>Arquivos de Cabeçalho\Matematica</Filter>
    </ClInclude>
    <ClInclude Include="AgenteMovel.h">
      <Filter>Arquivos de Cabeçalho</Filter>
    </ClInclude>
    <ClInclude Include="Matriz3x3.h">
      <Filter>Arquivos de Cabeçalho</Filter>
    </ClInclude>
    <ClInclude Include="Steering.h">
      <Filter>Arquivos de Cabeçalho\Steering</Filter>
    </ClInclude>
    <ClInclude Include="GerenteDeSteering.h">
      <Filter>Arquivos de Cabeçalho\Steering</Filter>
    </ClInclude>
    <ClInclude Include="Seek.h">
      <Filter>Arquivos de Cabeçalho\Steering</Filter>
    </ClInclude>
    <ClInclude Include="Problema.h">
      <Filter>Arquivos de Cabeçalho\Busca</Filter>
    </ClInclude>
    <ClInclude Include="Comando.h">
      <Filter>Arquivos de Cabeçalho\Busca</Filter>
    </ClInclude>
    <ClInclude Include="Solucao.h">
      <Filter>Arquivos de Cabeçalho\Busca</Filter>
    </ClInclude>
    <ClInclude Include="Atributo.h">
      <Filter>Arquivos de Cabeçalho\Dados</Filter>
    </ClInclude>
    <ClInclude Include="Exemplo.h">
      <Filter>Arquivos de Cabeçalho\Dados</Filter>
    </ClInclude>
    <ClInclude Include="BaseDeExemplos.h">
      <Filter>Arquivos de Cabeçalho\Dados</Filter>
    </ClInclude>
    <ClInclude Include="ID3.h">
      <Filter>Arquivos de Cabeçalho\AprendizadoDeMaquinas</Filter>
    </ClInclude>
    <ClInclude Include="ProblemaAprReforco.h">
      <Filter>Arquivos de Cabeçalho\AR</Filter>
    </ClInclude>
    <ClInclude Include="QArmazenaValor.h">
      <Filter>Arquivos de Cabeçalho\AR</Filter>
    </ClInclude>
    <ClInclude Include="QLearning.h">
      <Filter>Arquivos de Cabeçalho\AR</Filter>
    </ClInclude>
    <ClInclude Include="Perceptron.h">
      <Filter>Arquivos de Cabeçalho\RNA</Filter>
    </ClInclude>
    <ClInclude Include="MLP.h">
      <Filter>Arquivos de Cabeçalho\RNA</Filter>
    </ClInclude>
  </ItemGroup>
  <ItemGroup>
    <ClCompile Include="Estado.cpp">
      <Filter>Arquivos de Origem</Filter>
    </ClCompile>
    <ClCompile Include="MaquinaDeEstadosFinitos.cpp">
      <Filter>Arquivos de Origem</Filter>
    </ClCompile>
    <ClCompile Include="CondicaoE.cpp">
      <Filter>Arquivos de Origem\Condicoes</Filter>
    </ClCompile>
    <ClCompile Include="CondicaoOu.cpp">
      <Filter>Arquivos de Origem\Condicoes</Filter>
    </ClCompile>
    <ClCompile Include="CondicaoNao.cpp">
      <Filter>Arquivos de Origem\Condicoes</Filter>
    </ClCompile>
    <ClCompile Include="Ambiente.cpp">
      <Filter>Arquivos de Origem</Filter>
    </ClCompile>
    <ClCompile Include="CondicaoAmbiente.cpp">
      <Filter>Arquivos de Origem\Condicoes</Filter>
    </ClCompile>
    <ClCompile Include="Agente.cpp">
      <Filter>Arquivos de Origem</Filter>
    </ClCompile>
    <ClCompile Include="HierarquiaBase.cpp">
      <Filter>Arquivos de Origem</Filter>
    </ClCompile>
    <ClCompile Include="MaquinaDeEstadosHierarquica.cpp">
      <Filter>Arquivos de Origem</Filter>
    </ClCompile>
    <ClCompile Include="EstadoSubMaquina.cpp">
      <Filter>Arquivos de Origem</Filter>
    </ClCompile>
    <ClCompile Include="Aresta.cpp">
      <Filter>Arquivos de Origem\Busca</Filter>
    </ClCompile>
    <ClCompile Include="Vetor2D.cpp">
      <Filter>Arquivos de Origem\Matemática</Filter>
    </ClCompile>
    <ClCompile Include="AgenteMovel.cpp">
      <Filter>Arquivos de Origem</Filter>
    </ClCompile>
    <ClCompile Include="Matriz3x3.cpp">
      <Filter>Arquivos de Origem\Matemática</Filter>
    </ClCompile>
    <ClCompile Include="Steering.cpp">
      <Filter>Arquivos de Origem</Filter>
    </ClCompile>
    <ClCompile Include="GerenteDeSteering.cpp">
      <Filter>Arquivos de Origem</Filter>
    </ClCompile>
    <ClCompile Include="Seek.cpp">
      <Filter>Arquivos de Origem</Filter>
    </ClCompile>
    <ClCompile Include="Transicao.cpp">
      <Filter>Arquivos de Origem\Busca</Filter>
    </ClCompile>
    <ClCompile Include="Solucao.cpp">
      <Filter>Arquivos de Origem\Busca</Filter>
    </ClCompile>
    <ClCompile Include="Exemplo.cpp">
      <Filter>Arquivos de Origem\Dados</Filter>
    </ClCompile>
    <ClCompile Include="BaseDeExemplos.cpp">
      <Filter>Arquivos de Origem\Dados</Filter>
    </ClCompile>
    <ClCompile Include="ID3.cpp">
      <Filter>Arquivos de Origem\AprendizadoDeMaquinas</Filter>
    </ClCompile>
    <ClCompile Include="QArmazenaValor.cpp">
      <Filter>Arquivos de Origem\AR</Filter>
    </ClCompile>
    <ClCompile Include="QLearning.cpp">
      <Filter>Arquivos de Origem\AR</Filter>
    </ClCompile>
    <ClCompile Include="MLP.cpp">
      <Filter>Arquivos de Origem\RNA</Filter>
    </ClCompile>
    <ClCompile Include="Perceptron.cpp">
      <Filter>Arquivos de Origem\RNA</Filter>
    </ClCompile>
  </ItemGroup>
  <ItemGroup>
    <ResourceCompile Include="Quimera.rc">
      <Filter>Arquivos de Recurso</Filter>
    </ResourceCompile>
  </ItemGroup>
</Project>