<?xml version="1.0" encoding="utf-8"?>
<Project ToolsVersion="4.0" xmlns="http://schemas.microsoft.com/developer/msbuild/2003">
  <ItemGroup>
    <Filter Include="Arquivos de Origem">
      <UniqueIdentifier>{4FC737F1-C7A5-4376-A066-2A32D752A2FF}</UniqueIdentifier>
      <Extensions>cpp;c;cc;cxx;def;odl;idl;hpj;bat;asm;asmx</Extensions>
    </Filter>
    <Filter Include="Arquivos de Cabeçalho">
      <UniqueIdentifier>{93995380-89BD-4b04-88EB-625FBE52EBFB}</UniqueIdentifier>
      <Extensions>h;hh;hpp;hxx;hm;inl;inc;xsd</Extensions>
    </Filter>
    <Filter Include="Arquivos de Recurso">
      <UniqueIdentifier>{67DA6AB6-F800-4c08-8B7A-83BB121AAD01}</UniqueIdentifier>
      <Extensions>rc;ico;cur;bmp;dlg;rc2;rct;bin;rgs;gif;jpg;jpeg;jpe;resx;tiff;tif;png;wav;mfcribbon-ms</Extensions>
    </Filter>
    <Filter Include="Arquivos de Cabeçalho\Condicoes">
      <UniqueIdentifier>{68aaddc0-2d57-464d-ba3d-d306b58d1134}</UniqueIdentifier>
    </Filter>
    <Filter Include="Arquivos de Origem\Condicoes">
      <UniqueIdentifier>{fd7812a8-f859-4636-a29c-402f0559861e}</UniqueIdentifier>
    </Filter>
  </ItemGroup>
  <ItemGroup>
    <Text Include="ReadMe.txt" />
  </ItemGroup>
  <ItemGroup>
    <ClInclude Include="Estado.h">
      <Filter>Arquivos de Cabeçalho</Filter>
    </ClInclude>
    <ClInclude Include="Acao.h">
      <Filter>Arquivos de Cabeçalho</Filter>
    </ClInclude>
    <ClInclude Include="Transicao.h">
      <Filter>Arquivos de Cabeçalho</Filter>
    </ClInclude>
    <ClInclude Include="MaquinaDeEstadosFinitos.h">
      <Filter>Arquivos de Cabeçalho</Filter>
    </ClInclude>
    <ClInclude Include="Condicao.h">
      <Filter>Arquivos de Cabeçalho\Condicoes</Filter>
    </ClInclude>
    <ClInclude Include="EntreCondicao.h">
      <Filter>Arquivos de Cabeçalho\Condicoes</Filter>
    </ClInclude>
    <ClInclude Include="CondicaoE.h">
      <Filter>Arquivos de Cabeçalho\Condicoes</Filter>
    </ClInclude>
    <ClInclude Include="CondicaoOu.h">
      <Filter>Arquivos de Cabeçalho\Condicoes</Filter>
    </ClInclude>
    <ClInclude Include="CondicaoNao.h">
      <Filter>Arquivos de Cabeçalho\Condicoes</Filter>
    </ClInclude>
    <ClInclude Include="Ambiente.h">
      <Filter>Arquivos de Cabeçalho</Filter>
    </ClInclude>
    <ClInclude Include="Quimera.h">
      <Filter>Arquivos de Cabeçalho</Filter>
    </ClInclude>
    <ClInclude Include="CondicaoAmbiente.h">
      <Filter>Arquivos de Cabeçalho\Condicoes</Filter>
    </ClInclude>
    <ClInclude Include="Agente.h">
      <Filter>Arquivos de Cabeçalho</Filter>
    </ClInclude>
    <ClInclude Include="Controle.h">
      <Filter>Arquivos de Cabeçalho</Filter>
    </ClInclude>
  </ItemGroup>
  <ItemGroup>
    <ClCompile Include="Estado.cpp">
      <Filter>Arquivos de Origem</Filter>
    </ClCompile>
    <ClCompile Include="Transicao.cpp">
      <Filter>Arquivos de Origem</Filter>
    </ClCompile>
    <ClCompile Include="MaquinaDeEstadosFinitos.cpp">
      <Filter>Arquivos de Origem</Filter>
    </ClCompile>
    <ClCompile Include="CondicaoE.cpp">
      <Filter>Arquivos de Origem\Condicoes</Filter>
    </ClCompile>
    <ClCompile Include="CondicaoOu.cpp">
      <Filter>Arquivos de Origem\Condicoes</Filter>
    </ClCompile>
    <ClCompile Include="CondicaoNao.cpp">
      <Filter>Arquivos de Origem\Condicoes</Filter>
    </ClCompile>
    <ClCompile Include="Ambiente.cpp">
      <Filter>Arquivos de Origem</Filter>
    </ClCompile>
    <ClCompile Include="CondicaoAmbiente.cpp">
      <Filter>Arquivos de Origem\Condicoes</Filter>
    </ClCompile>
    <ClCompile Include="Agente.cpp">
      <Filter>Arquivos de Origem</Filter>
    </ClCompile>
  </ItemGroup>
</Project>